
Microsoft Visual Studio Solution File, Format Version 12.00
# Visual Studio Version 17
VisualStudioVersion = 17.0.31903.59
MinimumVisualStudioVersion = 10.0.40219.1
Project("{2150E333-8FDC-42A3-9474-1A3956D46DE8}") = "src", "src", "{827E0CD3-B72D-47B6-A68D-7590B98EB39B}"
EndProject
Project("{FAE04EC0-301F-11D3-BF4B-00C04F79EFBC}") = "Kiosk.Api", "src\Kiosk.Api\Kiosk.Api.csproj", "{ACA045E8-6B81-4AA8-B16A-318FD9B11D5B}"
EndProject
Project("{FAE04EC0-301F-11D3-BF4B-00C04F79EFBC}") = "Kiosk.Application", "src\Kiosk.Application\Kiosk.Application.csproj", "{B99ECE38-3EFB-4B13-B4EC-B5FCF6C7DC06}"
EndProject
Project("{FAE04EC0-301F-11D3-BF4B-00C04F79EFBC}") = "Kiosk.Domain", "src\Kiosk.Domain\Kiosk.Domain.csproj", "{DDE0527B-00C1-4F7E-A062-AA5145D2FAAD}"
EndProject
Project("{FAE04EC0-301F-11D3-BF4B-00C04F79EFBC}") = "Kiosk.Infrastructure", "src\Kiosk.Infrastructure\Kiosk.Infrastructure.csproj", "{D8A2C881-524E-4821-A1BB-8F8FF178236E}"
EndProject
Project("{2150E333-8FDC-42A3-9474-1A3956D46DE8}") = "tests", "tests", "{0AB3BF05-4346-4AA6-1389-037BE0695223}"
EndProject
Project("{FAE04EC0-301F-11D3-BF4B-00C04F79EFBC}") = "Kiosk.IntegrationTests", "tests\Kiosk.IntegrationTests\Kiosk.IntegrationTests.csproj", "{DB515D41-8ED3-4C98-9243-B8B9341C7DDC}"
EndProject
Project("{FAE04EC0-301F-11D3-BF4B-00C04F79EFBC}") = "Kiosk.UnitTests", "tests\Kiosk.UnitTests\Kiosk.UnitTests.csproj", "{9CFABDEC-D8DD-45A5-B842-7B28A4843224}"
EndProject
Global
	GlobalSection(SolutionConfigurationPlatforms) = preSolution
		Debug|Any CPU = Debug|Any CPU
		Debug|x64 = Debug|x64
		Debug|x86 = Debug|x86
		Release|Any CPU = Release|Any CPU
		Release|x64 = Release|x64
		Release|x86 = Release|x86
	EndGlobalSection
	GlobalSection(ProjectConfigurationPlatforms) = postSolution
		{ACA045E8-6B81-4AA8-B16A-318FD9B11D5B}.Debug|Any CPU.ActiveCfg = Debug|Any CPU
		{ACA045E8-6B81-4AA8-B16A-318FD9B11D5B}.Debug|Any CPU.Build.0 = Debug|Any CPU
		{ACA045E8-6B81-4AA8-B16A-318FD9B11D5B}.Debug|x64.ActiveCfg = Debug|Any CPU
		{ACA045E8-6B81-4AA8-B16A-318FD9B11D5B}.Debug|x64.Build.0 = Debug|Any CPU
		{ACA045E8-6B81-4AA8-B16A-318FD9B11D5B}.Debug|x86.ActiveCfg = Debug|Any CPU
		{ACA045E8-6B81-4AA8-B16A-318FD9B11D5B}.Debug|x86.Build.0 = Debug|Any CPU
		{ACA045E8-6B81-4AA8-B16A-318FD9B11D5B}.Release|Any CPU.ActiveCfg = Release|Any CPU
		{ACA045E8-6B81-4AA8-B16A-318FD9B11D5B}.Release|Any CPU.Build.0 = Release|Any CPU
		{ACA045E8-6B81-4AA8-B16A-318FD9B11D5B}.Release|x64.ActiveCfg = Release|Any CPU
		{ACA045E8-6B81-4AA8-B16A-318FD9B11D5B}.Release|x64.Build.0 = Release|Any CPU
		{ACA045E8-6B81-4AA8-B16A-318FD9B11D5B}.Release|x86.ActiveCfg = Release|Any CPU
		{ACA045E8-6B81-4AA8-B16A-318FD9B11D5B}.Release|x86.Build.0 = Release|Any CPU
		{B99ECE38-3EFB-4B13-B4EC-B5FCF6C7DC06}.Debug|Any CPU.ActiveCfg = Debug|Any CPU
		{B99ECE38-3EFB-4B13-B4EC-B5FCF6C7DC06}.Debug|Any CPU.Build.0 = Debug|Any CPU
		{B99ECE38-3EFB-4B13-B4EC-B5FCF6C7DC06}.Debug|x64.ActiveCfg = Debug|Any CPU
		{B99ECE38-3EFB-4B13-B4EC-B5FCF6C7DC06}.Debug|x64.Build.0 = Debug|Any CPU
		{B99ECE38-3EFB-4B13-B4EC-B5FCF6C7DC06}.Debug|x86.ActiveCfg = Debug|Any CPU
		{B99ECE38-3EFB-4B13-B4EC-B5FCF6C7DC06}.Debug|x86.Build.0 = Debug|Any CPU
		{B99ECE38-3EFB-4B13-B4EC-B5FCF6C7DC06}.Release|Any CPU.ActiveCfg = Release|Any CPU
		{B99ECE38-3EFB-4B13-B4EC-B5FCF6C7DC06}.Release|Any CPU.Build.0 = Release|Any CPU
		{B99ECE38-3EFB-4B13-B4EC-B5FCF6C7DC06}.Release|x64.ActiveCfg = Release|Any CPU
		{B99ECE38-3EFB-4B13-B4EC-B5FCF6C7DC06}.Release|x64.Build.0 = Release|Any CPU
		{B99ECE38-3EFB-4B13-B4EC-B5FCF6C7DC06}.Release|x86.ActiveCfg = Release|Any CPU
		{B99ECE38-3EFB-4B13-B4EC-B5FCF6C7DC06}.Release|x86.Build.0 = Release|Any CPU
		{DDE0527B-00C1-4F7E-A062-AA5145D2FAAD}.Debug|Any CPU.ActiveCfg = Debug|Any CPU
		{DDE0527B-00C1-4F7E-A062-AA5145D2FAAD}.Debug|Any CPU.Build.0 = Debug|Any CPU
		{DDE0527B-00C1-4F7E-A062-AA5145D2FAAD}.Debug|x64.ActiveCfg = Debug|Any CPU
		{DDE0527B-00C1-4F7E-A062-AA5145D2FAAD}.Debug|x64.Build.0 = Debug|Any CPU
		{DDE0527B-00C1-4F7E-A062-AA5145D2FAAD}.Debug|x86.ActiveCfg = Debug|Any CPU
		{DDE0527B-00C1-4F7E-A062-AA5145D2FAAD}.Debug|x86.Build.0 = Debug|Any CPU
		{DDE0527B-00C1-4F7E-A062-AA5145D2FAAD}.Release|Any CPU.ActiveCfg = Release|Any CPU
		{DDE0527B-00C1-4F7E-A062-AA5145D2FAAD}.Release|Any CPU.Build.0 = Release|Any CPU
		{DDE0527B-00C1-4F7E-A062-AA5145D2FAAD}.Release|x64.ActiveCfg = Release|Any CPU
		{DDE0527B-00C1-4F7E-A062-AA5145D2FAAD}.Release|x64.Build.0 = Release|Any CPU
		{DDE0527B-00C1-4F7E-A062-AA5145D2FAAD}.Release|x86.ActiveCfg = Release|Any CPU
		{DDE0527B-00C1-4F7E-A062-AA5145D2FAAD}.Release|x86.Build.0 = Release|Any CPU
		{D8A2C881-524E-4821-A1BB-8F8FF178236E}.Debug|Any CPU.ActiveCfg = Debug|Any CPU
		{D8A2C881-524E-4821-A1BB-8F8FF178236E}.Debug|Any CPU.Build.0 = Debug|Any CPU
		{D8A2C881-524E-4821-A1BB-8F8FF178236E}.Debug|x64.ActiveCfg = Debug|Any CPU
		{D8A2C881-524E-4821-A1BB-8F8FF178236E}.Debug|x64.Build.0 = Debug|Any CPU
		{D8A2C881-524E-4821-A1BB-8F8FF178236E}.Debug|x86.ActiveCfg = Debug|Any CPU
		{D8A2C881-524E-4821-A1BB-8F8FF178236E}.Debug|x86.Build.0 = Debug|Any CPU
		{D8A2C881-524E-4821-A1BB-8F8FF178236E}.Release|Any CPU.ActiveCfg = Release|Any CPU
		{D8A2C881-524E-4821-A1BB-8F8FF178236E}.Release|Any CPU.Build.0 = Release|Any CPU
		{D8A2C881-524E-4821-A1BB-8F8FF178236E}.Release|x64.ActiveCfg = Release|Any CPU
		{D8A2C881-524E-4821-A1BB-8F8FF178236E}.Release|x64.Build.0 = Release|Any CPU
		{D8A2C881-524E-4821-A1BB-8F8FF178236E}.Release|x86.ActiveCfg = Release|Any CPU
		{D8A2C881-524E-4821-A1BB-8F8FF178236E}.Release|x86.Build.0 = Release|Any CPU
		{DB515D41-8ED3-4C98-9243-B8B9341C7DDC}.Debug|Any CPU.ActiveCfg = Debug|Any CPU
		{DB515D41-8ED3-4C98-9243-B8B9341C7DDC}.Debug|Any CPU.Build.0 = Debug|Any CPU
		{DB515D41-8ED3-4C98-9243-B8B9341C7DDC}.Debug|x64.ActiveCfg = Debug|Any CPU
		{DB515D41-8ED3-4C98-9243-B8B9341C7DDC}.Debug|x64.Build.0 = Debug|Any CPU
		{DB515D41-8ED3-4C98-9243-B8B9341C7DDC}.Debug|x86.ActiveCfg = Debug|Any CPU
		{DB515D41-8ED3-4C98-9243-B8B9341C7DDC}.Debug|x86.Build.0 = Debug|Any CPU
		{DB515D41-8ED3-4C98-9243-B8B9341C7DDC}.Release|Any CPU.ActiveCfg = Release|Any CPU
		{DB515D41-8ED3-4C98-9243-B8B9341C7DDC}.Release|Any CPU.Build.0 = Release|Any CPU
		{DB515D41-8ED3-4C98-9243-B8B9341C7DDC}.Release|x64.ActiveCfg = Release|Any CPU
		{DB515D41-8ED3-4C98-9243-B8B9341C7DDC}.Release|x64.Build.0 = Release|Any CPU
		{DB515D41-8ED3-4C98-9243-B8B9341C7DDC}.Release|x86.ActiveCfg = Release|Any CPU
		{DB515D41-8ED3-4C98-9243-B8B9341C7DDC}.Release|x86.Build.0 = Release|Any CPU
		{9CFABDEC-D8DD-45A5-B842-7B28A4843224}.Debug|Any CPU.ActiveCfg = Debug|Any CPU
		{9CFABDEC-D8DD-45A5-B842-7B28A4843224}.Debug|Any CPU.Build.0 = Debug|Any CPU
		{9CFABDEC-D8DD-45A5-B842-7B28A4843224}.Debug|x64.ActiveCfg = Debug|Any CPU
		{9CFABDEC-D8DD-45A5-B842-7B28A4843224}.Debug|x64.Build.0 = Debug|Any CPU
		{9CFABDEC-D8DD-45A5-B842-7B28A4843224}.Debug|x86.ActiveCfg = Debug|Any CPU
		{9CFABDEC-D8DD-45A5-B842-7B28A4843224}.Debug|x86.Build.0 = Debug|Any CPU
		{9CFABDEC-D8DD-45A5-B842-7B28A4843224}.Release|Any CPU.ActiveCfg = Release|Any CPU
		{9CFABDEC-D8DD-45A5-B842-7B28A4843224}.Release|Any CPU.Build.0 = Release|Any CPU
		{9CFABDEC-D8DD-45A5-B842-7B28A4843224}.Release|x64.ActiveCfg = Release|Any CPU
		{9CFABDEC-D8DD-45A5-B842-7B28A4843224}.Release|x64.Build.0 = Release|Any CPU
		{9CFABDEC-D8DD-45A5-B842-7B28A4843224}.Release|x86.ActiveCfg = Release|Any CPU
		{9CFABDEC-D8DD-45A5-B842-7B28A4843224}.Release|x86.Build.0 = Release|Any CPU
	EndGlobalSection
	GlobalSection(SolutionProperties) = preSolution
		HideSolutionNode = FALSE
	EndGlobalSection
	GlobalSection(NestedProjects) = preSolution
		{ACA045E8-6B81-4AA8-B16A-318FD9B11D5B} = {827E0CD3-B72D-47B6-A68D-7590B98EB39B}
		{B99ECE38-3EFB-4B13-B4EC-B5FCF6C7DC06} = {827E0CD3-B72D-47B6-A68D-7590B98EB39B}
		{DDE0527B-00C1-4F7E-A062-AA5145D2FAAD} = {827E0CD3-B72D-47B6-A68D-7590B98EB39B}
		{D8A2C881-524E-4821-A1BB-8F8FF178236E} = {827E0CD3-B72D-47B6-A68D-7590B98EB39B}
		{DB515D41-8ED3-4C98-9243-B8B9341C7DDC} = {0AB3BF05-4346-4AA6-1389-037BE0695223}
		{9CFABDEC-D8DD-45A5-B842-7B28A4843224} = {0AB3BF05-4346-4AA6-1389-037BE0695223}
	EndGlobalSection
EndGlobal
